
Microsoft Visual Studio Solution File, Format Version 12.00
# Visual Studio Version 17
VisualStudioVersion = 17.13.35913.81 d17.13
MinimumVisualStudioVersion = 10.0.40219.1
Project("{FAE04EC0-301F-11D3-BF4B-00C04F79EFBC}") = "Access_Modifire", "Access_Modifire.csproj", "{0230DA5C-60A8-4148-85C5-58D753AAB44D}"
EndProject
Global
	GlobalSection(SolutionConfigurationPlatforms) = preSolution
		Debug|Any CPU = Debug|Any CPU
		Release|Any CPU = Release|Any CPU
	EndGlobalSection
	GlobalSection(ProjectConfigurationPlatforms) = postSolution
		{0230DA5C-60A8-4148-85C5-58D753AAB44D}.Debug|Any CPU.ActiveCfg = Debug|Any CPU
		{0230DA5C-60A8-4148-85C5-58D753AAB44D}.Debug|Any CPU.Build.0 = Debug|Any CPU
		{0230DA5C-60A8-4148-85C5-58D753AAB44D}.Release|Any CPU.ActiveCfg = Release|Any CPU
		{0230DA5C-60A8-4148-85C5-58D753AAB44D}.Release|Any CPU.Build.0 = Release|Any CPU
	EndGlobalSection
	GlobalSection(SolutionProperties) = preSolution
		HideSolutionNode = FALSE
	EndGlobalSection
	GlobalSection(ExtensibilityGlobals) = postSolution
		SolutionGuid = {39B5A024-FA14-4453-8E1E-4154235DC839}
	EndGlobalSection
EndGlobal
